
Microsoft Visual Studio Solution File, Format Version 12.00
# Visual Studio Version 16
VisualStudioVersion = 16.0.36631.11
MinimumVisualStudioVersion = 10.0.40219.1
Project("{9A19103F-16F7-4668-BE54-9A1E7A4F7556}") = "Core", "core\Core.csproj", "{FA97FF10-789F-41EF-8A8C-6BD7EE738743}"
EndProject
Project("{9A19103F-16F7-4668-BE54-9A1E7A4F7556}") = "ConsoleApp", "ConsoleApp\ConsoleApp.csproj", "{B20C7E98-7E96-4B78-83CF-D62F3ED5B200}"
EndProject
Project("{FAE04EC0-301F-11D3-BF4B-00C04F79EFBC}") = "Tests", "Tests\Tests.csproj", "{11DC8C5F-B924-4206-868C-830ECB5DC2E5}"
EndProject
Project("{2150E333-8FDC-42A3-9474-1A3956D46DE8}") = ".github", ".github", "{97079A15-2742-4266-9929-7B8D9D56D0F1}"
EndProject
Project("{2150E333-8FDC-42A3-9474-1A3956D46DE8}") = "workflows", "workflows", "{7C716C21-DE47-465B-AEC5-96292B64912A}"
	ProjectSection(SolutionItems) = preProject
		dotnet.yml = dotnet.yml
	EndProjectSection
EndProject
Global
	GlobalSection(SolutionConfigurationPlatforms) = preSolution
		Debug|Any CPU = Debug|Any CPU
		Release|Any CPU = Release|Any CPU
	EndGlobalSection
	GlobalSection(ProjectConfigurationPlatforms) = postSolution
		{FA97FF10-789F-41EF-8A8C-6BD7EE738743}.Debug|Any CPU.ActiveCfg = Debug|Any CPU
		{FA97FF10-789F-41EF-8A8C-6BD7EE738743}.Debug|Any CPU.Build.0 = Debug|Any CPU
		{FA97FF10-789F-41EF-8A8C-6BD7EE738743}.Release|Any CPU.ActiveCfg = Release|Any CPU
		{FA97FF10-789F-41EF-8A8C-6BD7EE738743}.Release|Any CPU.Build.0 = Release|Any CPU
		{B20C7E98-7E96-4B78-83CF-D62F3ED5B200}.Debug|Any CPU.ActiveCfg = Debug|Any CPU
		{B20C7E98-7E96-4B78-83CF-D62F3ED5B200}.Debug|Any CPU.Build.0 = Debug|Any CPU
		{B20C7E98-7E96-4B78-83CF-D62F3ED5B200}.Release|Any CPU.ActiveCfg = Release|Any CPU
		{B20C7E98-7E96-4B78-83CF-D62F3ED5B200}.Release|Any CPU.Build.0 = Release|Any CPU
		{11DC8C5F-B924-4206-868C-830ECB5DC2E5}.Debug|Any CPU.ActiveCfg = Debug|Any CPU
		{11DC8C5F-B924-4206-868C-830ECB5DC2E5}.Debug|Any CPU.Build.0 = Debug|Any CPU
		{11DC8C5F-B924-4206-868C-830ECB5DC2E5}.Release|Any CPU.ActiveCfg = Release|Any CPU
		{11DC8C5F-B924-4206-868C-830ECB5DC2E5}.Release|Any CPU.Build.0 = Release|Any CPU
	EndGlobalSection
	GlobalSection(SolutionProperties) = preSolution
		HideSolutionNode = FALSE
	EndGlobalSection
	GlobalSection(NestedProjects) = preSolution
		{7C716C21-DE47-465B-AEC5-96292B64912A} = {97079A15-2742-4266-9929-7B8D9D56D0F1}
	EndGlobalSection
	GlobalSection(ExtensibilityGlobals) = postSolution
		SolutionGuid = {E1EA62D9-F844-437A-9B76-9C5D93CF9166}
	EndGlobalSection
EndGlobal
